// !$*UTF8*$!
{
	archiveVersion = 1;
	classes = {
	};
	objectVersion = 56;
	objects = {

/* Begin PBXBuildFile section */
		E40610DB2B55757E00D11C09 /* .gitignore in Resources */ = {isa = PBXBuildFile; fileRef = E40610DA2B55757E00D11C09 /* .gitignore */; };
		E44E65A82A9CDC4000106786 /* HeroDetailPresenter.swift in Sources */ = {isa = PBXBuildFile; fileRef = E44E65A22A9CDC4000106786 /* HeroDetailPresenter.swift */; };
		E44E65A92A9CDC4000106786 /* HeroDetailRouter.swift in Sources */ = {isa = PBXBuildFile; fileRef = E44E65A32A9CDC4000106786 /* HeroDetailRouter.swift */; };
		E44E65AA2A9CDC4000106786 /* HeroDetailModels.swift in Sources */ = {isa = PBXBuildFile; fileRef = E44E65A42A9CDC4000106786 /* HeroDetailModels.swift */; };
		E44E65AB2A9CDC4000106786 /* HeroDetailViewController.swift in Sources */ = {isa = PBXBuildFile; fileRef = E44E65A52A9CDC4000106786 /* HeroDetailViewController.swift */; };
		E44E65AC2A9CDC4000106786 /* HeroDetailInteractor.swift in Sources */ = {isa = PBXBuildFile; fileRef = E44E65A62A9CDC4000106786 /* HeroDetailInteractor.swift */; };
		E44E65AD2A9CDC4000106786 /* HeroDetailConfigurator.swift in Sources */ = {isa = PBXBuildFile; fileRef = E44E65A72A9CDC4000106786 /* HeroDetailConfigurator.swift */; };
		E44E65B52A9D423900106786 /* ComicListPresenter.swift in Sources */ = {isa = PBXBuildFile; fileRef = E44E65AF2A9D423900106786 /* ComicListPresenter.swift */; };
		E44E65B62A9D423900106786 /* ComicListRouter.swift in Sources */ = {isa = PBXBuildFile; fileRef = E44E65B02A9D423900106786 /* ComicListRouter.swift */; };
		E44E65B72A9D423900106786 /* ComicListModels.swift in Sources */ = {isa = PBXBuildFile; fileRef = E44E65B12A9D423900106786 /* ComicListModels.swift */; };
		E44E65B82A9D423900106786 /* ComicListViewController.swift in Sources */ = {isa = PBXBuildFile; fileRef = E44E65B22A9D423900106786 /* ComicListViewController.swift */; };
		E44E65B92A9D423900106786 /* ComicListInteractor.swift in Sources */ = {isa = PBXBuildFile; fileRef = E44E65B32A9D423900106786 /* ComicListInteractor.swift */; };
		E44E65BA2A9D423900106786 /* ComicListConfigurator.swift in Sources */ = {isa = PBXBuildFile; fileRef = E44E65B42A9D423900106786 /* ComicListConfigurator.swift */; };
		E44E65BD2A9D47E000106786 /* ComicsWebService.swift in Sources */ = {isa = PBXBuildFile; fileRef = E44E65BC2A9D47E000106786 /* ComicsWebService.swift */; };
		E44E65BF2A9D49FA00106786 /* ComicsResponseModel.swift in Sources */ = {isa = PBXBuildFile; fileRef = E44E65BE2A9D49FA00106786 /* ComicsResponseModel.swift */; };
		E44E65C22A9D4F2000106786 /* ComicTableCell.swift in Sources */ = {isa = PBXBuildFile; fileRef = E44E65C12A9D4F2000106786 /* ComicTableCell.swift */; };
		E44E65CA2A9D534900106786 /* ComicDetailPresenter.swift in Sources */ = {isa = PBXBuildFile; fileRef = E44E65C42A9D534900106786 /* ComicDetailPresenter.swift */; };
		E44E65CB2A9D534900106786 /* ComicDetailRouter.swift in Sources */ = {isa = PBXBuildFile; fileRef = E44E65C52A9D534900106786 /* ComicDetailRouter.swift */; };
		E44E65CC2A9D534900106786 /* ComicDetailModels.swift in Sources */ = {isa = PBXBuildFile; fileRef = E44E65C62A9D534900106786 /* ComicDetailModels.swift */; };
		E44E65CD2A9D534900106786 /* ComicDetailViewController.swift in Sources */ = {isa = PBXBuildFile; fileRef = E44E65C72A9D534900106786 /* ComicDetailViewController.swift */; };
		E44E65CE2A9D534900106786 /* ComicDetailInteractor.swift in Sources */ = {isa = PBXBuildFile; fileRef = E44E65C82A9D534900106786 /* ComicDetailInteractor.swift */; };
		E44E65CF2A9D534900106786 /* ComicDetailConfigurator.swift in Sources */ = {isa = PBXBuildFile; fileRef = E44E65C92A9D534900106786 /* ComicDetailConfigurator.swift */; };
		E4530B002A9653410083F0A9 /* AppDelegate.swift in Sources */ = {isa = PBXBuildFile; fileRef = E4530AFF2A9653410083F0A9 /* AppDelegate.swift */; };
		E4530B092A9653440083F0A9 /* Assets.xcassets in Resources */ = {isa = PBXBuildFile; fileRef = E4530B082A9653440083F0A9 /* Assets.xcassets */; };
		E4530B0C2A9653440083F0A9 /* LaunchScreen.storyboard in Resources */ = {isa = PBXBuildFile; fileRef = E4530B0A2A9653440083F0A9 /* LaunchScreen.storyboard */; };
		E4530B152A96580A0083F0A9 /* Alamofire in Frameworks */ = {isa = PBXBuildFile; productRef = E4530B142A96580A0083F0A9 /* Alamofire */; };
		E4530B182A9658E20083F0A9 /* SDWebImageSwiftUI in Frameworks */ = {isa = PBXBuildFile; productRef = E4530B172A9658E20083F0A9 /* SDWebImageSwiftUI */; };
		E4530B212A96648F0083F0A9 /* InitialScreenPresenter.swift in Sources */ = {isa = PBXBuildFile; fileRef = E4530B1B2A96648F0083F0A9 /* InitialScreenPresenter.swift */; };
		E4530B222A96648F0083F0A9 /* InitialScreenRouter.swift in Sources */ = {isa = PBXBuildFile; fileRef = E4530B1C2A96648F0083F0A9 /* InitialScreenRouter.swift */; };
		E4530B232A96648F0083F0A9 /* InitialScreenModels.swift in Sources */ = {isa = PBXBuildFile; fileRef = E4530B1D2A96648F0083F0A9 /* InitialScreenModels.swift */; };
		E4530B242A96648F0083F0A9 /* InitialScreenViewController.swift in Sources */ = {isa = PBXBuildFile; fileRef = E4530B1E2A96648F0083F0A9 /* InitialScreenViewController.swift */; };
		E4530B252A96648F0083F0A9 /* InitialScreenInteractor.swift in Sources */ = {isa = PBXBuildFile; fileRef = E4530B1F2A96648F0083F0A9 /* InitialScreenInteractor.swift */; };
		E4530B262A96648F0083F0A9 /* InitialScreenConfigurator.swift in Sources */ = {isa = PBXBuildFile; fileRef = E4530B202A96648F0083F0A9 /* InitialScreenConfigurator.swift */; };
		E4530B6B2A96B3200083F0A9 /* HomePresenter.swift in Sources */ = {isa = PBXBuildFile; fileRef = E4530B652A96B3200083F0A9 /* HomePresenter.swift */; };
		E4530B6C2A96B3200083F0A9 /* HomeRouter.swift in Sources */ = {isa = PBXBuildFile; fileRef = E4530B662A96B3200083F0A9 /* HomeRouter.swift */; };
		E4530B6D2A96B3200083F0A9 /* HomeModels.swift in Sources */ = {isa = PBXBuildFile; fileRef = E4530B672A96B3200083F0A9 /* HomeModels.swift */; };
		E4530B6E2A96B3200083F0A9 /* HomeViewController.swift in Sources */ = {isa = PBXBuildFile; fileRef = E4530B682A96B3200083F0A9 /* HomeViewController.swift */; };
		E4530B6F2A96B3200083F0A9 /* HomeInteractor.swift in Sources */ = {isa = PBXBuildFile; fileRef = E4530B692A96B3200083F0A9 /* HomeInteractor.swift */; };
		E4530B702A96B3200083F0A9 /* HomeConfigurator.swift in Sources */ = {isa = PBXBuildFile; fileRef = E4530B6A2A96B3200083F0A9 /* HomeConfigurator.swift */; };
		E4530B742A96BA6B0083F0A9 /* CharactersResponseModel.swift in Sources */ = {isa = PBXBuildFile; fileRef = E4530B732A96BA6B0083F0A9 /* CharactersResponseModel.swift */; };
		E4530B762A96BADA0083F0A9 /* CharactersWebService.swift in Sources */ = {isa = PBXBuildFile; fileRef = E4530B752A96BADA0083F0A9 /* CharactersWebService.swift */; };
		E4530B782A96C6BC0083F0A9 /* HomeHeroProfileCell.swift in Sources */ = {isa = PBXBuildFile; fileRef = E4530B772A96C6BC0083F0A9 /* HomeHeroProfileCell.swift */; };
		E4530B7B2A9913110083F0A9 /* HomeHeroTableCell.swift in Sources */ = {isa = PBXBuildFile; fileRef = E4530B7A2A9913110083F0A9 /* HomeHeroTableCell.swift */; };
/* End PBXBuildFile section */

/* Begin PBXFileReference section */
		E40610DA2B55757E00D11C09 /* .gitignore */ = {isa = PBXFileReference; lastKnownFileType = text; path = .gitignore; sourceTree = "<group>"; };
		E44E65A22A9CDC4000106786 /* HeroDetailPresenter.swift */ = {isa = PBXFileReference; lastKnownFileType = sourcecode.swift; path = HeroDetailPresenter.swift; sourceTree = "<group>"; };
		E44E65A32A9CDC4000106786 /* HeroDetailRouter.swift */ = {isa = PBXFileReference; lastKnownFileType = sourcecode.swift; path = HeroDetailRouter.swift; sourceTree = "<group>"; };
		E44E65A42A9CDC4000106786 /* HeroDetailModels.swift */ = {isa = PBXFileReference; lastKnownFileType = sourcecode.swift; path = HeroDetailModels.swift; sourceTree = "<group>"; };
		E44E65A52A9CDC4000106786 /* HeroDetailViewController.swift */ = {isa = PBXFileReference; lastKnownFileType = sourcecode.swift; path = HeroDetailViewController.swift; sourceTree = "<group>"; };
		E44E65A62A9CDC4000106786 /* HeroDetailInteractor.swift */ = {isa = PBXFileReference; lastKnownFileType = sourcecode.swift; path = HeroDetailInteractor.swift; sourceTree = "<group>"; };
		E44E65A72A9CDC4000106786 /* HeroDetailConfigurator.swift */ = {isa = PBXFileReference; lastKnownFileType = sourcecode.swift; path = HeroDetailConfigurator.swift; sourceTree = "<group>"; };
		E44E65AF2A9D423900106786 /* ComicListPresenter.swift */ = {isa = PBXFileReference; lastKnownFileType = sourcecode.swift; path = ComicListPresenter.swift; sourceTree = "<group>"; };
		E44E65B02A9D423900106786 /* ComicListRouter.swift */ = {isa = PBXFileReference; lastKnownFileType = sourcecode.swift; path = ComicListRouter.swift; sourceTree = "<group>"; };
		E44E65B12A9D423900106786 /* ComicListModels.swift */ = {isa = PBXFileReference; lastKnownFileType = sourcecode.swift; path = ComicListModels.swift; sourceTree = "<group>"; };
		E44E65B22A9D423900106786 /* ComicListViewController.swift */ = {isa = PBXFileReference; lastKnownFileType = sourcecode.swift; path = ComicListViewController.swift; sourceTree = "<group>"; };
		E44E65B32A9D423900106786 /* ComicListInteractor.swift */ = {isa = PBXFileReference; lastKnownFileType = sourcecode.swift; path = ComicListInteractor.swift; sourceTree = "<group>"; };
		E44E65B42A9D423900106786 /* ComicListConfigurator.swift */ = {isa = PBXFileReference; lastKnownFileType = sourcecode.swift; path = ComicListConfigurator.swift; sourceTree = "<group>"; };
		E44E65BC2A9D47E000106786 /* ComicsWebService.swift */ = {isa = PBXFileReference; lastKnownFileType = sourcecode.swift; path = ComicsWebService.swift; sourceTree = "<group>"; };
		E44E65BE2A9D49FA00106786 /* ComicsResponseModel.swift */ = {isa = PBXFileReference; lastKnownFileType = sourcecode.swift; path = ComicsResponseModel.swift; sourceTree = "<group>"; };
		E44E65C12A9D4F2000106786 /* ComicTableCell.swift */ = {isa = PBXFileReference; lastKnownFileType = sourcecode.swift; path = ComicTableCell.swift; sourceTree = "<group>"; };
		E44E65C42A9D534900106786 /* ComicDetailPresenter.swift */ = {isa = PBXFileReference; lastKnownFileType = sourcecode.swift; path = ComicDetailPresenter.swift; sourceTree = "<group>"; };
		E44E65C52A9D534900106786 /* ComicDetailRouter.swift */ = {isa = PBXFileReference; lastKnownFileType = sourcecode.swift; path = ComicDetailRouter.swift; sourceTree = "<group>"; };
		E44E65C62A9D534900106786 /* ComicDetailModels.swift */ = {isa = PBXFileReference; lastKnownFileType = sourcecode.swift; path = ComicDetailModels.swift; sourceTree = "<group>"; };
		E44E65C72A9D534900106786 /* ComicDetailViewController.swift */ = {isa = PBXFileReference; lastKnownFileType = sourcecode.swift; path = ComicDetailViewController.swift; sourceTree = "<group>"; };
		E44E65C82A9D534900106786 /* ComicDetailInteractor.swift */ = {isa = PBXFileReference; lastKnownFileType = sourcecode.swift; path = ComicDetailInteractor.swift; sourceTree = "<group>"; };
		E44E65C92A9D534900106786 /* ComicDetailConfigurator.swift */ = {isa = PBXFileReference; lastKnownFileType = sourcecode.swift; path = ComicDetailConfigurator.swift; sourceTree = "<group>"; };
		E4530AFC2A9653410083F0A9 /* marvelMovies.app */ = {isa = PBXFileReference; explicitFileType = wrapper.application; includeInIndex = 0; path = marvelMovies.app; sourceTree = BUILT_PRODUCTS_DIR; };
		E4530AFF2A9653410083F0A9 /* AppDelegate.swift */ = {isa = PBXFileReference; lastKnownFileType = sourcecode.swift; path = AppDelegate.swift; sourceTree = "<group>"; };
		E4530B082A9653440083F0A9 /* Assets.xcassets */ = {isa = PBXFileReference; lastKnownFileType = folder.assetcatalog; path = Assets.xcassets; sourceTree = "<group>"; };
		E4530B0B2A9653440083F0A9 /* Base */ = {isa = PBXFileReference; lastKnownFileType = file.storyboard; name = Base; path = Base.lproj/LaunchScreen.storyboard; sourceTree = "<group>"; };
		E4530B0D2A9653440083F0A9 /* Info.plist */ = {isa = PBXFileReference; lastKnownFileType = text.plist.xml; path = Info.plist; sourceTree = "<group>"; };
		E4530B1B2A96648F0083F0A9 /* InitialScreenPresenter.swift */ = {isa = PBXFileReference; lastKnownFileType = sourcecode.swift; path = InitialScreenPresenter.swift; sourceTree = "<group>"; };
		E4530B1C2A96648F0083F0A9 /* InitialScreenRouter.swift */ = {isa = PBXFileReference; lastKnownFileType = sourcecode.swift; path = InitialScreenRouter.swift; sourceTree = "<group>"; };
		E4530B1D2A96648F0083F0A9 /* InitialScreenModels.swift */ = {isa = PBXFileReference; lastKnownFileType = sourcecode.swift; path = InitialScreenModels.swift; sourceTree = "<group>"; };
		E4530B1E2A96648F0083F0A9 /* InitialScreenViewController.swift */ = {isa = PBXFileReference; lastKnownFileType = sourcecode.swift; path = InitialScreenViewController.swift; sourceTree = "<group>"; };
		E4530B1F2A96648F0083F0A9 /* InitialScreenInteractor.swift */ = {isa = PBXFileReference; lastKnownFileType = sourcecode.swift; path = InitialScreenInteractor.swift; sourceTree = "<group>"; };
		E4530B202A96648F0083F0A9 /* InitialScreenConfigurator.swift */ = {isa = PBXFileReference; lastKnownFileType = sourcecode.swift; path = InitialScreenConfigurator.swift; sourceTree = "<group>"; };
		E4530B652A96B3200083F0A9 /* HomePresenter.swift */ = {isa = PBXFileReference; lastKnownFileType = sourcecode.swift; path = HomePresenter.swift; sourceTree = "<group>"; };
		E4530B662A96B3200083F0A9 /* HomeRouter.swift */ = {isa = PBXFileReference; lastKnownFileType = sourcecode.swift; path = HomeRouter.swift; sourceTree = "<group>"; };
		E4530B672A96B3200083F0A9 /* HomeModels.swift */ = {isa = PBXFileReference; lastKnownFileType = sourcecode.swift; path = HomeModels.swift; sourceTree = "<group>"; };
		E4530B682A96B3200083F0A9 /* HomeViewController.swift */ = {isa = PBXFileReference; lastKnownFileType = sourcecode.swift; path = HomeViewController.swift; sourceTree = "<group>"; };
		E4530B692A96B3200083F0A9 /* HomeInteractor.swift */ = {isa = PBXFileReference; lastKnownFileType = sourcecode.swift; path = HomeInteractor.swift; sourceTree = "<group>"; };
		E4530B6A2A96B3200083F0A9 /* HomeConfigurator.swift */ = {isa = PBXFileReference; lastKnownFileType = sourcecode.swift; path = HomeConfigurator.swift; sourceTree = "<group>"; };
		E4530B732A96BA6B0083F0A9 /* CharactersResponseModel.swift */ = {isa = PBXFileReference; lastKnownFileType = sourcecode.swift; path = CharactersResponseModel.swift; sourceTree = "<group>"; };
		E4530B752A96BADA0083F0A9 /* CharactersWebService.swift */ = {isa = PBXFileReference; lastKnownFileType = sourcecode.swift; path = CharactersWebService.swift; sourceTree = "<group>"; };
		E4530B772A96C6BC0083F0A9 /* HomeHeroProfileCell.swift */ = {isa = PBXFileReference; lastKnownFileType = sourcecode.swift; path = HomeHeroProfileCell.swift; sourceTree = "<group>"; };
		E4530B7A2A9913110083F0A9 /* HomeHeroTableCell.swift */ = {isa = PBXFileReference; lastKnownFileType = sourcecode.swift; path = HomeHeroTableCell.swift; sourceTree = "<group>"; };
/* End PBXFileReference section */

/* Begin PBXFrameworksBuildPhase section */
		E4530AF92A9653410083F0A9 /* Frameworks */ = {
			isa = PBXFrameworksBuildPhase;
			buildActionMask = 2147483647;
			files = (
				E4530B182A9658E20083F0A9 /* SDWebImageSwiftUI in Frameworks */,
				E4530B152A96580A0083F0A9 /* Alamofire in Frameworks */,
			);
			runOnlyForDeploymentPostprocessing = 0;
		};
/* End PBXFrameworksBuildPhase section */

/* Begin PBXGroup section */
		E44E65A12A9CDC1000106786 /* HeroDetail */ = {
			isa = PBXGroup;
			children = (
				E44E65A22A9CDC4000106786 /* HeroDetailPresenter.swift */,
				E44E65A32A9CDC4000106786 /* HeroDetailRouter.swift */,
				E44E65A42A9CDC4000106786 /* HeroDetailModels.swift */,
				E44E65A52A9CDC4000106786 /* HeroDetailViewController.swift */,
				E44E65A62A9CDC4000106786 /* HeroDetailInteractor.swift */,
				E44E65A72A9CDC4000106786 /* HeroDetailConfigurator.swift */,
			);
			path = HeroDetail;
			sourceTree = "<group>";
		};
		E44E65AE2A9D421100106786 /* ComicList */ = {
			isa = PBXGroup;
			children = (
				E44E65C02A9D4F1100106786 /* ExtraViews */,
				E44E65AF2A9D423900106786 /* ComicListPresenter.swift */,
				E44E65B02A9D423900106786 /* ComicListRouter.swift */,
				E44E65B12A9D423900106786 /* ComicListModels.swift */,
				E44E65B22A9D423900106786 /* ComicListViewController.swift */,
				E44E65B32A9D423900106786 /* ComicListInteractor.swift */,
				E44E65B42A9D423900106786 /* ComicListConfigurator.swift */,
			);
			path = ComicList;
			sourceTree = "<group>";
		};
		E44E65BB2A9D47C700106786 /* Comics */ = {
			isa = PBXGroup;
			children = (
				E44E65BC2A9D47E000106786 /* ComicsWebService.swift */,
				E44E65BE2A9D49FA00106786 /* ComicsResponseModel.swift */,
			);
			path = Comics;
			sourceTree = "<group>";
		};
		E44E65C02A9D4F1100106786 /* ExtraViews */ = {
			isa = PBXGroup;
			children = (
				E44E65C12A9D4F2000106786 /* ComicTableCell.swift */,
			);
			path = ExtraViews;
			sourceTree = "<group>";
		};
		E44E65C32A9D531D00106786 /* ComicDetail */ = {
			isa = PBXGroup;
			children = (
				E44E65C42A9D534900106786 /* ComicDetailPresenter.swift */,
				E44E65C52A9D534900106786 /* ComicDetailRouter.swift */,
				E44E65C62A9D534900106786 /* ComicDetailModels.swift */,
				E44E65C72A9D534900106786 /* ComicDetailViewController.swift */,
				E44E65C82A9D534900106786 /* ComicDetailInteractor.swift */,
				E44E65C92A9D534900106786 /* ComicDetailConfigurator.swift */,
			);
			path = ComicDetail;
			sourceTree = "<group>";
		};
		E4530AF32A9653410083F0A9 = {
			isa = PBXGroup;
			children = (
				E40610DA2B55757E00D11C09 /* .gitignore */,
				E4530AFE2A9653410083F0A9 /* marvelMovies */,
				E4530AFD2A9653410083F0A9 /* Products */,
			);
			sourceTree = "<group>";
		};
		E4530AFD2A9653410083F0A9 /* Products */ = {
			isa = PBXGroup;
			children = (
				E4530AFC2A9653410083F0A9 /* marvelMovies.app */,
			);
			name = Products;
			sourceTree = "<group>";
		};
		E4530AFE2A9653410083F0A9 /* marvelMovies */ = {
			isa = PBXGroup;
			children = (
				E4530B712A96B8390083F0A9 /* WebServices */,
				E4530B192A96638E0083F0A9 /* Scenes */,
				E4530AFF2A9653410083F0A9 /* AppDelegate.swift */,
				E4530B082A9653440083F0A9 /* Assets.xcassets */,
				E4530B0A2A9653440083F0A9 /* LaunchScreen.storyboard */,
				E4530B0D2A9653440083F0A9 /* Info.plist */,
			);
			path = marvelMovies;
			sourceTree = "<group>";
		};
		E4530B192A96638E0083F0A9 /* Scenes */ = {
			isa = PBXGroup;
			children = (
				E44E65C32A9D531D00106786 /* ComicDetail */,
				E44E65AE2A9D421100106786 /* ComicList */,
				E44E65A12A9CDC1000106786 /* HeroDetail */,
				E4530B582A96A1270083F0A9 /* HomeScene */,
				E4530B272A9664A30083F0A9 /* InitialScreen */,
			);
			path = Scenes;
			sourceTree = "<group>";
		};
		E4530B272A9664A30083F0A9 /* InitialScreen */ = {
			isa = PBXGroup;
			children = (
				E4530B1B2A96648F0083F0A9 /* InitialScreenPresenter.swift */,
				E4530B1C2A96648F0083F0A9 /* InitialScreenRouter.swift */,
				E4530B1D2A96648F0083F0A9 /* InitialScreenModels.swift */,
				E4530B1E2A96648F0083F0A9 /* InitialScreenViewController.swift */,
				E4530B1F2A96648F0083F0A9 /* InitialScreenInteractor.swift */,
				E4530B202A96648F0083F0A9 /* InitialScreenConfigurator.swift */,
			);
			path = InitialScreen;
			sourceTree = "<group>";
		};
		E4530B582A96A1270083F0A9 /* HomeScene */ = {
			isa = PBXGroup;
			children = (
				E4530B792A97C6620083F0A9 /* ExtraViews */,
				E4530B652A96B3200083F0A9 /* HomePresenter.swift */,
				E4530B662A96B3200083F0A9 /* HomeRouter.swift */,
				E4530B672A96B3200083F0A9 /* HomeModels.swift */,
				E4530B682A96B3200083F0A9 /* HomeViewController.swift */,
				E4530B692A96B3200083F0A9 /* HomeInteractor.swift */,
				E4530B6A2A96B3200083F0A9 /* HomeConfigurator.swift */,
			);
			path = HomeScene;
			sourceTree = "<group>";
		};
		E4530B712A96B8390083F0A9 /* WebServices */ = {
			isa = PBXGroup;
			children = (
				E44E65BB2A9D47C700106786 /* Comics */,
				E4530B722A96B8490083F0A9 /* Characters */,
			);
			path = WebServices;
			sourceTree = "<group>";
		};
		E4530B722A96B8490083F0A9 /* Characters */ = {
			isa = PBXGroup;
			children = (
				E4530B732A96BA6B0083F0A9 /* CharactersResponseModel.swift */,
				E4530B752A96BADA0083F0A9 /* CharactersWebService.swift */,
			);
			path = Characters;
			sourceTree = "<group>";
		};
		E4530B792A97C6620083F0A9 /* ExtraViews */ = {
			isa = PBXGroup;
			children = (
				E4530B772A96C6BC0083F0A9 /* HomeHeroProfileCell.swift */,
				E4530B7A2A9913110083F0A9 /* HomeHeroTableCell.swift */,
			);
			path = ExtraViews;
			sourceTree = "<group>";
		};
/* End PBXGroup section */

/* Begin PBXNativeTarget section */
		E4530AFB2A9653410083F0A9 /* marvelMovies */ = {
			isa = PBXNativeTarget;
			buildConfigurationList = E4530B102A9653440083F0A9 /* Build configuration list for PBXNativeTarget "marvelMovies" */;
			buildPhases = (
				E4530AF82A9653410083F0A9 /* Sources */,
				E4530AF92A9653410083F0A9 /* Frameworks */,
				E4530AFA2A9653410083F0A9 /* Resources */,
			);
			buildRules = (
			);
			dependencies = (
			);
			name = marvelMovies;
			packageProductDependencies = (
				E4530B142A96580A0083F0A9 /* Alamofire */,
				E4530B172A9658E20083F0A9 /* SDWebImageSwiftUI */,
			);
			productName = marvelMovies;
			productReference = E4530AFC2A9653410083F0A9 /* marvelMovies.app */;
			productType = "com.apple.product-type.application";
		};
/* End PBXNativeTarget section */

/* Begin PBXProject section */
		E4530AF42A9653410083F0A9 /* Project object */ = {
			isa = PBXProject;
			attributes = {
				BuildIndependentTargetsInParallel = 1;
				LastSwiftUpdateCheck = 1430;
				LastUpgradeCheck = 1430;
				TargetAttributes = {
					E4530AFB2A9653410083F0A9 = {
						CreatedOnToolsVersion = 14.3.1;
					};
				};
			};
			buildConfigurationList = E4530AF72A9653410083F0A9 /* Build configuration list for PBXProject "marvelMovies" */;
			compatibilityVersion = "Xcode 14.0";
			developmentRegion = en;
			hasScannedForEncodings = 0;
			knownRegions = (
				en,
				Base,
			);
			mainGroup = E4530AF32A9653410083F0A9;
			packageReferences = (
				E4530B132A96580A0083F0A9 /* XCRemoteSwiftPackageReference "Alamofire" */,
				E4530B162A9658E20083F0A9 /* XCRemoteSwiftPackageReference "SDWebImageSwiftUI" */,
			);
			productRefGroup = E4530AFD2A9653410083F0A9 /* Products */;
			projectDirPath = "";
			projectRoot = "";
			targets = (
				E4530AFB2A9653410083F0A9 /* marvelMovies */,
			);
		};
/* End PBXProject section */

/* Begin PBXResourcesBuildPhase section */
		E4530AFA2A9653410083F0A9 /* Resources */ = {
			isa = PBXResourcesBuildPhase;
			buildActionMask = 2147483647;
			files = (
				E4530B0C2A9653440083F0A9 /* LaunchScreen.storyboard in Resources */,
				E40610DB2B55757E00D11C09 /* .gitignore in Resources */,
				E4530B092A9653440083F0A9 /* Assets.xcassets in Resources */,
			);
			runOnlyForDeploymentPostprocessing = 0;
		};
/* End PBXResourcesBuildPhase section */

/* Begin PBXSourcesBuildPhase section */
		E4530AF82A9653410083F0A9 /* Sources */ = {
			isa = PBXSourcesBuildPhase;
			buildActionMask = 2147483647;
			files = (
				E4530B762A96BADA0083F0A9 /* CharactersWebService.swift in Sources */,
				E4530B242A96648F0083F0A9 /* InitialScreenViewController.swift in Sources */,
				E44E65C22A9D4F2000106786 /* ComicTableCell.swift in Sources */,
				E44E65B62A9D423900106786 /* ComicListRouter.swift in Sources */,
				E44E65AD2A9CDC4000106786 /* HeroDetailConfigurator.swift in Sources */,
				E4530B002A9653410083F0A9 /* AppDelegate.swift in Sources */,
				E44E65BA2A9D423900106786 /* ComicListConfigurator.swift in Sources */,
				E44E65CD2A9D534900106786 /* ComicDetailViewController.swift in Sources */,
				E44E65BD2A9D47E000106786 /* ComicsWebService.swift in Sources */,
				E44E65A82A9CDC4000106786 /* HeroDetailPresenter.swift in Sources */,
				E4530B212A96648F0083F0A9 /* InitialScreenPresenter.swift in Sources */,
				E44E65CF2A9D534900106786 /* ComicDetailConfigurator.swift in Sources */,
				E4530B6F2A96B3200083F0A9 /* HomeInteractor.swift in Sources */,
				E44E65AA2A9CDC4000106786 /* HeroDetailModels.swift in Sources */,
				E4530B232A96648F0083F0A9 /* InitialScreenModels.swift in Sources */,
				E4530B222A96648F0083F0A9 /* InitialScreenRouter.swift in Sources */,
				E44E65B72A9D423900106786 /* ComicListModels.swift in Sources */,
				E44E65CE2A9D534900106786 /* ComicDetailInteractor.swift in Sources */,
				E44E65AB2A9CDC4000106786 /* HeroDetailViewController.swift in Sources */,
				E4530B742A96BA6B0083F0A9 /* CharactersResponseModel.swift in Sources */,
				E44E65B82A9D423900106786 /* ComicListViewController.swift in Sources */,
				E4530B702A96B3200083F0A9 /* HomeConfigurator.swift in Sources */,
				E44E65CC2A9D534900106786 /* ComicDetailModels.swift in Sources */,
				E4530B7B2A9913110083F0A9 /* HomeHeroTableCell.swift in Sources */,
				E4530B252A96648F0083F0A9 /* InitialScreenInteractor.swift in Sources */,
				E44E65B92A9D423900106786 /* ComicListInteractor.swift in Sources */,
				E4530B6D2A96B3200083F0A9 /* HomeModels.swift in Sources */,
				E44E65AC2A9CDC4000106786 /* HeroDetailInteractor.swift in Sources */,
				E4530B6E2A96B3200083F0A9 /* HomeViewController.swift in Sources */,
				E44E65B52A9D423900106786 /* ComicListPresenter.swift in Sources */,
				E44E65CA2A9D534900106786 /* ComicDetailPresenter.swift in Sources */,
				E4530B782A96C6BC0083F0A9 /* HomeHeroProfileCell.swift in Sources */,
				E4530B262A96648F0083F0A9 /* InitialScreenConfigurator.swift in Sources */,
				E44E65A92A9CDC4000106786 /* HeroDetailRouter.swift in Sources */,
				E4530B6C2A96B3200083F0A9 /* HomeRouter.swift in Sources */,
				E44E65CB2A9D534900106786 /* ComicDetailRouter.swift in Sources */,
				E44E65BF2A9D49FA00106786 /* ComicsResponseModel.swift in Sources */,
				E4530B6B2A96B3200083F0A9 /* HomePresenter.swift in Sources */,
			);
			runOnlyForDeploymentPostprocessing = 0;
		};
/* End PBXSourcesBuildPhase section */

/* Begin PBXVariantGroup section */
		E4530B0A2A9653440083F0A9 /* LaunchScreen.storyboard */ = {
			isa = PBXVariantGroup;
			children = (
				E4530B0B2A9653440083F0A9 /* Base */,
			);
			name = LaunchScreen.storyboard;
			sourceTree = "<group>";
		};
/* End PBXVariantGroup section */

/* Begin XCBuildConfiguration section */
		E4530B0E2A9653440083F0A9 /* Debug */ = {
			isa = XCBuildConfiguration;
			buildSettings = {
				ALWAYS_SEARCH_USER_PATHS = NO;
				CLANG_ANALYZER_NONNULL = YES;
				CLANG_ANALYZER_NUMBER_OBJECT_CONVERSION = YES_AGGRESSIVE;
				CLANG_CXX_LANGUAGE_STANDARD = "gnu++20";
				CLANG_ENABLE_MODULES = YES;
				CLANG_ENABLE_OBJC_ARC = YES;
				CLANG_ENABLE_OBJC_WEAK = YES;
				CLANG_WARN_BLOCK_CAPTURE_AUTORELEASING = YES;
				CLANG_WARN_BOOL_CONVERSION = YES;
				CLANG_WARN_COMMA = YES;
				CLANG_WARN_CONSTANT_CONVERSION = YES;
				CLANG_WARN_DEPRECATED_OBJC_IMPLEMENTATIONS = YES;
				CLANG_WARN_DIRECT_OBJC_ISA_USAGE = YES_ERROR;
				CLANG_WARN_DOCUMENTATION_COMMENTS = YES;
				CLANG_WARN_EMPTY_BODY = YES;
				CLANG_WARN_ENUM_CONVERSION = YES;
				CLANG_WARN_INFINITE_RECURSION = YES;
				CLANG_WARN_INT_CONVERSION = YES;
				CLANG_WARN_NON_LITERAL_NULL_CONVERSION = YES;
				CLANG_WARN_OBJC_IMPLICIT_RETAIN_SELF = YES;
				CLANG_WARN_OBJC_LITERAL_CONVERSION = YES;
				CLANG_WARN_OBJC_ROOT_CLASS = YES_ERROR;
				CLANG_WARN_QUOTED_INCLUDE_IN_FRAMEWORK_HEADER = YES;
				CLANG_WARN_RANGE_LOOP_ANALYSIS = YES;
				CLANG_WARN_STRICT_PROTOTYPES = YES;
				CLANG_WARN_SUSPICIOUS_MOVE = YES;
				CLANG_WARN_UNGUARDED_AVAILABILITY = YES_AGGRESSIVE;
				CLANG_WARN_UNREACHABLE_CODE = YES;
				CLANG_WARN__DUPLICATE_METHOD_MATCH = YES;
				COPY_PHASE_STRIP = NO;
				DEBUG_INFORMATION_FORMAT = dwarf;
				ENABLE_STRICT_OBJC_MSGSEND = YES;
				ENABLE_TESTABILITY = YES;
				GCC_C_LANGUAGE_STANDARD = gnu11;
				GCC_DYNAMIC_NO_PIC = NO;
				GCC_NO_COMMON_BLOCKS = YES;
				GCC_OPTIMIZATION_LEVEL = 0;
				GCC_PREPROCESSOR_DEFINITIONS = (
					"DEBUG=1",
					"$(inherited)",
				);
				GCC_WARN_64_TO_32_BIT_CONVERSION = YES;
				GCC_WARN_ABOUT_RETURN_TYPE = YES_ERROR;
				GCC_WARN_UNDECLARED_SELECTOR = YES;
				GCC_WARN_UNINITIALIZED_AUTOS = YES_AGGRESSIVE;
				GCC_WARN_UNUSED_FUNCTION = YES;
				GCC_WARN_UNUSED_VARIABLE = YES;
				IPHONEOS_DEPLOYMENT_TARGET = 16.4;
				MTL_ENABLE_DEBUG_INFO = INCLUDE_SOURCE;
				MTL_FAST_MATH = YES;
				ONLY_ACTIVE_ARCH = YES;
				SDKROOT = iphoneos;
				SWIFT_ACTIVE_COMPILATION_CONDITIONS = DEBUG;
				SWIFT_OPTIMIZATION_LEVEL = "-Onone";
			};
			name = Debug;
		};
		E4530B0F2A9653440083F0A9 /* Release */ = {
			isa = XCBuildConfiguration;
			buildSettings = {
				ALWAYS_SEARCH_USER_PATHS = NO;
				CLANG_ANALYZER_NONNULL = YES;
				CLANG_ANALYZER_NUMBER_OBJECT_CONVERSION = YES_AGGRESSIVE;
				CLANG_CXX_LANGUAGE_STANDARD = "gnu++20";
				CLANG_ENABLE_MODULES = YES;
				CLANG_ENABLE_OBJC_ARC = YES;
				CLANG_ENABLE_OBJC_WEAK = YES;
				CLANG_WARN_BLOCK_CAPTURE_AUTORELEASING = YES;
				CLANG_WARN_BOOL_CONVERSION = YES;
				CLANG_WARN_COMMA = YES;
				CLANG_WARN_CONSTANT_CONVERSION = YES;
				CLANG_WARN_DEPRECATED_OBJC_IMPLEMENTATIONS = YES;
				CLANG_WARN_DIRECT_OBJC_ISA_USAGE = YES_ERROR;
				CLANG_WARN_DOCUMENTATION_COMMENTS = YES;
				CLANG_WARN_EMPTY_BODY = YES;
				CLANG_WARN_ENUM_CONVERSION = YES;
				CLANG_WARN_INFINITE_RECURSION = YES;
				CLANG_WARN_INT_CONVERSION = YES;
				CLANG_WARN_NON_LITERAL_NULL_CONVERSION = YES;
				CLANG_WARN_OBJC_IMPLICIT_RETAIN_SELF = YES;
				CLANG_WARN_OBJC_LITERAL_CONVERSION = YES;
				CLANG_WARN_OBJC_ROOT_CLASS = YES_ERROR;
				CLANG_WARN_QUOTED_INCLUDE_IN_FRAMEWORK_HEADER = YES;
				CLANG_WARN_RANGE_LOOP_ANALYSIS = YES;
				CLANG_WARN_STRICT_PROTOTYPES = YES;
				CLANG_WARN_SUSPICIOUS_MOVE = YES;
				CLANG_WARN_UNGUARDED_AVAILABILITY = YES_AGGRESSIVE;
				CLANG_WARN_UNREACHABLE_CODE = YES;
				CLANG_WARN__DUPLICATE_METHOD_MATCH = YES;
				COPY_PHASE_STRIP = NO;
				DEBUG_INFORMATION_FORMAT = "dwarf-with-dsym";
				ENABLE_NS_ASSERTIONS = NO;
				ENABLE_STRICT_OBJC_MSGSEND = YES;
				GCC_C_LANGUAGE_STANDARD = gnu11;
				GCC_NO_COMMON_BLOCKS = YES;
				GCC_WARN_64_TO_32_BIT_CONVERSION = YES;
				GCC_WARN_ABOUT_RETURN_TYPE = YES_ERROR;
				GCC_WARN_UNDECLARED_SELECTOR = YES;
				GCC_WARN_UNINITIALIZED_AUTOS = YES_AGGRESSIVE;
				GCC_WARN_UNUSED_FUNCTION = YES;
				GCC_WARN_UNUSED_VARIABLE = YES;
				IPHONEOS_DEPLOYMENT_TARGET = 16.4;
				MTL_ENABLE_DEBUG_INFO = NO;
				MTL_FAST_MATH = YES;
				SDKROOT = iphoneos;
				SWIFT_COMPILATION_MODE = wholemodule;
				SWIFT_OPTIMIZATION_LEVEL = "-O";
				VALIDATE_PRODUCT = YES;
			};
			name = Release;
		};
		E4530B112A9653440083F0A9 /* Debug */ = {
			isa = XCBuildConfiguration;
			buildSettings = {
				ASSETCATALOG_COMPILER_APPICON_NAME = AppIcon;
				ASSETCATALOG_COMPILER_GLOBAL_ACCENT_COLOR_NAME = AccentColor;
				CODE_SIGN_STYLE = Automatic;
				CURRENT_PROJECT_VERSION = 1;
				DEVELOPMENT_TEAM = 84X4SX763A;
				GENERATE_INFOPLIST_FILE = YES;
				INFOPLIST_FILE = marvelMovies/Info.plist;
				INFOPLIST_KEY_UIApplicationSupportsIndirectInputEvents = YES;
				INFOPLIST_KEY_UILaunchStoryboardName = LaunchScreen;
				INFOPLIST_KEY_UISupportedInterfaceOrientations_iPad = "UIInterfaceOrientationPortrait UIInterfaceOrientationPortraitUpsideDown UIInterfaceOrientationLandscapeLeft UIInterfaceOrientationLandscapeRight";
				INFOPLIST_KEY_UISupportedInterfaceOrientations_iPhone = "UIInterfaceOrientationPortrait UIInterfaceOrientationLandscapeLeft UIInterfaceOrientationLandscapeRight";
				IPHONEOS_DEPLOYMENT_TARGET = 15.0;
				LD_RUNPATH_SEARCH_PATHS = (
					"$(inherited)",
					"@executable_path/Frameworks",
				);
				MARKETING_VERSION = 1.0;
				PRODUCT_BUNDLE_IDENTIFIER = franco.M.marvelMovies;
				PRODUCT_NAME = "$(TARGET_NAME)";
				SWIFT_EMIT_LOC_STRINGS = YES;
				SWIFT_VERSION = 5.0;
				TARGETED_DEVICE_FAMILY = "1,2";
			};
			name = Debug;
		};
		E4530B122A9653440083F0A9 /* Release */ = {
			isa = XCBuildConfiguration;
			buildSettings = {
				ASSETCATALOG_COMPILER_APPICON_NAME = AppIcon;
				ASSETCATALOG_COMPILER_GLOBAL_ACCENT_COLOR_NAME = AccentColor;
				CODE_SIGN_STYLE = Automatic;
				CURRENT_PROJECT_VERSION = 1;
				DEVELOPMENT_TEAM = 84X4SX763A;
				GENERATE_INFOPLIST_FILE = YES;
				INFOPLIST_FILE = marvelMovies/Info.plist;
				INFOPLIST_KEY_UIApplicationSupportsIndirectInputEvents = YES;
				INFOPLIST_KEY_UILaunchStoryboardName = LaunchScreen;
				INFOPLIST_KEY_UISupportedInterfaceOrientations_iPad = "UIInterfaceOrientationPortrait UIInterfaceOrientationPortraitUpsideDown UIInterfaceOrientationLandscapeLeft UIInterfaceOrientationLandscapeRight";
				INFOPLIST_KEY_UISupportedInterfaceOrientations_iPhone = "UIInterfaceOrientationPortrait UIInterfaceOrientationLandscapeLeft UIInterfaceOrientationLandscapeRight";
				IPHONEOS_DEPLOYMENT_TARGET = 15.0;
				LD_RUNPATH_SEARCH_PATHS = (
					"$(inherited)",
					"@executable_path/Frameworks",
				);
				MARKETING_VERSION = 1.0;
				PRODUCT_BUNDLE_IDENTIFIER = franco.M.marvelMovies;
				PRODUCT_NAME = "$(TARGET_NAME)";
				SWIFT_EMIT_LOC_STRINGS = YES;
				SWIFT_VERSION = 5.0;
				TARGETED_DEVICE_FAMILY = "1,2";
			};
			name = Release;
		};
/* End XCBuildConfiguration section */

/* Begin XCConfigurationList section */
		E4530AF72A9653410083F0A9 /* Build configuration list for PBXProject "marvelMovies" */ = {
			isa = XCConfigurationList;
			buildConfigurations = (
				E4530B0E2A9653440083F0A9 /* Debug */,
				E4530B0F2A9653440083F0A9 /* Release */,
			);
			defaultConfigurationIsVisible = 0;
			defaultConfigurationName = Release;
		};
		E4530B102A9653440083F0A9 /* Build configuration list for PBXNativeTarget "marvelMovies" */ = {
			isa = XCConfigurationList;
			buildConfigurations = (
				E4530B112A9653440083F0A9 /* Debug */,
				E4530B122A9653440083F0A9 /* Release */,
			);
			defaultConfigurationIsVisible = 0;
			defaultConfigurationName = Release;
		};
/* End XCConfigurationList section */

/* Begin XCRemoteSwiftPackageReference section */
		E4530B132A96580A0083F0A9 /* XCRemoteSwiftPackageReference "Alamofire" */ = {
			isa = XCRemoteSwiftPackageReference;
			repositoryURL = "https://github.com/Alamofire/Alamofire.git";
			requirement = {
				kind = upToNextMajorVersion;
				minimumVersion = 5.0.0;
			};
		};
		E4530B162A9658E20083F0A9 /* XCRemoteSwiftPackageReference "SDWebImageSwiftUI" */ = {
			isa = XCRemoteSwiftPackageReference;
			repositoryURL = "https://github.com/SDWebImage/SDWebImageSwiftUI";
			requirement = {
				kind = upToNextMajorVersion;
				minimumVersion = 2.0.0;
			};
		};
/* End XCRemoteSwiftPackageReference section */

/* Begin XCSwiftPackageProductDependency section */
		E4530B142A96580A0083F0A9 /* Alamofire */ = {
			isa = XCSwiftPackageProductDependency;
			package = E4530B132A96580A0083F0A9 /* XCRemoteSwiftPackageReference "Alamofire" */;
			productName = Alamofire;
		};
		E4530B172A9658E20083F0A9 /* SDWebImageSwiftUI */ = {
			isa = XCSwiftPackageProductDependency;
			package = E4530B162A9658E20083F0A9 /* XCRemoteSwiftPackageReference "SDWebImageSwiftUI" */;
			productName = SDWebImageSwiftUI;
		};
/* End XCSwiftPackageProductDependency section */
	};
	rootObject = E4530AF42A9653410083F0A9 /* Project object */;
}
